
Microsoft Visual Studio Solution File, Format Version 12.00
# Visual Studio Version 17
VisualStudioVersion = 17.6.33717.318
MinimumVisualStudioVersion = 10.0.40219.1
Project("{FAE04EC0-301F-11D3-BF4B-00C04F79EFBC}") = "szamologep", "szamologep\szamologep.csproj", "{A0D57B10-2D92-4138-A23B-891AF9C63944}"
EndProject
Global
	GlobalSection(SolutionConfigurationPlatforms) = preSolution
		Debug|Any CPU = Debug|Any CPU
		Release|Any CPU = Release|Any CPU
	EndGlobalSection
	GlobalSection(ProjectConfigurationPlatforms) = postSolution
		{A0D57B10-2D92-4138-A23B-891AF9C63944}.Debug|Any CPU.ActiveCfg = Debug|Any CPU
		{A0D57B10-2D92-4138-A23B-891AF9C63944}.Debug|Any CPU.Build.0 = Debug|Any CPU
		{A0D57B10-2D92-4138-A23B-891AF9C63944}.Release|Any CPU.ActiveCfg = Release|Any CPU
		{A0D57B10-2D92-4138-A23B-891AF9C63944}.Release|Any CPU.Build.0 = Release|Any CPU
	EndGlobalSection
	GlobalSection(SolutionProperties) = preSolution
		HideSolutionNode = FALSE
	EndGlobalSection
	GlobalSection(ExtensibilityGlobals) = postSolution
		SolutionGuid = {D9E4A4F0-2560-4207-B057-6EF7E56D2AE0}
	EndGlobalSection
EndGlobal
